
Microsoft Visual Studio Solution File, Format Version 12.00
# Visual Studio 15
VisualStudioVersion = 15.0.28307.168
MinimumVisualStudioVersion = 10.0.40219.1
Project("{FAE04EC0-301F-11D3-BF4B-00C04F79EFBC}") = "DiceBot", "DiceBot\DiceBot.csproj", "{C54EF4EC-7358-4325-9D2D-D4B3A69C7B13}"
EndProject
Global
	GlobalSection(SolutionConfigurationPlatforms) = preSolution
		Debug|Any CPU = Debug|Any CPU
		Release|Any CPU = Release|Any CPU
	EndGlobalSection
	GlobalSection(ProjectConfigurationPlatforms) = postSolution
		{C54EF4EC-7358-4325-9D2D-D4B3A69C7B13}.Debug|Any CPU.ActiveCfg = Debug|Any CPU
		{C54EF4EC-7358-4325-9D2D-D4B3A69C7B13}.Debug|Any CPU.Build.0 = Debug|Any CPU
		{C54EF4EC-7358-4325-9D2D-D4B3A69C7B13}.Release|Any CPU.ActiveCfg = Release|Any CPU
		{C54EF4EC-7358-4325-9D2D-D4B3A69C7B13}.Release|Any CPU.Build.0 = Release|Any CPU
	EndGlobalSection
	GlobalSection(SolutionProperties) = preSolution
		HideSolutionNode = FALSE
	EndGlobalSection
	GlobalSection(ExtensibilityGlobals) = postSolution
		SolutionGuid = {9432DB71-F223-4256-A21A-B44C4DD837C4}
	EndGlobalSection
EndGlobal
